// !$*UTF8*$!
{
	archiveVersion = 1;
	classes = {
	};
	objectVersion = 56;
	objects = {

/* Begin PBXBuildFile section */
		3EC4FDC02B4E9BBE00206A4B /* AppDelegate.swift in Sources */ = {isa = PBXBuildFile; fileRef = 3EC4FDBF2B4E9BBE00206A4B /* AppDelegate.swift */; };
		3EC4FDC22B4E9BBE00206A4B /* SceneDelegate.swift in Sources */ = {isa = PBXBuildFile; fileRef = 3EC4FDC12B4E9BBE00206A4B /* SceneDelegate.swift */; };
		3EC4FDC92B4E9BC000206A4B /* Assets.xcassets in Resources */ = {isa = PBXBuildFile; fileRef = 3EC4FDC82B4E9BC000206A4B /* Assets.xcassets */; };
		3EC4FDCC2B4E9BC000206A4B /* LaunchScreen.storyboard in Resources */ = {isa = PBXBuildFile; fileRef = 3EC4FDCA2B4E9BC000206A4B /* LaunchScreen.storyboard */; };
		3EC4FDD42B4E9C9E00206A4B /* BeerListViewController.swift in Sources */ = {isa = PBXBuildFile; fileRef = 3EC4FDD32B4E9C9E00206A4B /* BeerListViewController.swift */; };
		3EC4FDD72B4E9F3100206A4B /* SnapKit in Frameworks */ = {isa = PBXBuildFile; productRef = 3EC4FDD62B4E9F3100206A4B /* SnapKit */; };
		3EC4FDD92B4E9F3100206A4B /* SnapKit-Dynamic in Frameworks */ = {isa = PBXBuildFile; productRef = 3EC4FDD82B4E9F3100206A4B /* SnapKit-Dynamic */; };
		3EC4FDDC2B4E9F7700206A4B /* Kingfisher in Frameworks */ = {isa = PBXBuildFile; productRef = 3EC4FDDB2B4E9F7700206A4B /* Kingfisher */; };
		3EC4FDDE2B4EA04200206A4B /* Beer.swift in Sources */ = {isa = PBXBuildFile; fileRef = 3EC4FDDD2B4EA04200206A4B /* Beer.swift */; };
		3EC4FDE02B4EA59E00206A4B /* BeerListCell.swift in Sources */ = {isa = PBXBuildFile; fileRef = 3EC4FDDF2B4EA59E00206A4B /* BeerListCell.swift */; };
		3EC4FDE22B4F6E3000206A4B /* BeerDetailViewController.swift in Sources */ = {isa = PBXBuildFile; fileRef = 3EC4FDE12B4F6E3000206A4B /* BeerDetailViewController.swift */; };
/* End PBXBuildFile section */

/* Begin PBXFileReference section */
		3EC4FDBC2B4E9BBE00206A4B /* Brewery.app */ = {isa = PBXFileReference; explicitFileType = wrapper.application; includeInIndex = 0; path = Brewery.app; sourceTree = BUILT_PRODUCTS_DIR; };
		3EC4FDBF2B4E9BBE00206A4B /* AppDelegate.swift */ = {isa = PBXFileReference; lastKnownFileType = sourcecode.swift; path = AppDelegate.swift; sourceTree = "<group>"; };
		3EC4FDC12B4E9BBE00206A4B /* SceneDelegate.swift */ = {isa = PBXFileReference; lastKnownFileType = sourcecode.swift; path = SceneDelegate.swift; sourceTree = "<group>"; };
		3EC4FDC82B4E9BC000206A4B /* Assets.xcassets */ = {isa = PBXFileReference; lastKnownFileType = folder.assetcatalog; path = Assets.xcassets; sourceTree = "<group>"; };
		3EC4FDCB2B4E9BC000206A4B /* Base */ = {isa = PBXFileReference; lastKnownFileType = file.storyboard; name = Base; path = Base.lproj/LaunchScreen.storyboard; sourceTree = "<group>"; };
		3EC4FDCD2B4E9BC000206A4B /* Info.plist */ = {isa = PBXFileReference; lastKnownFileType = text.plist.xml; path = Info.plist; sourceTree = "<group>"; };
		3EC4FDD32B4E9C9E00206A4B /* BeerListViewController.swift */ = {isa = PBXFileReference; lastKnownFileType = sourcecode.swift; path = BeerListViewController.swift; sourceTree = "<group>"; };
		3EC4FDDD2B4EA04200206A4B /* Beer.swift */ = {isa = PBXFileReference; lastKnownFileType = sourcecode.swift; path = Beer.swift; sourceTree = "<group>"; };
		3EC4FDDF2B4EA59E00206A4B /* BeerListCell.swift */ = {isa = PBXFileReference; lastKnownFileType = sourcecode.swift; path = BeerListCell.swift; sourceTree = "<group>"; };
		3EC4FDE12B4F6E3000206A4B /* BeerDetailViewController.swift */ = {isa = PBXFileReference; lastKnownFileType = sourcecode.swift; path = BeerDetailViewController.swift; sourceTree = "<group>"; };
/* End PBXFileReference section */

/* Begin PBXFrameworksBuildPhase section */
		3EC4FDB92B4E9BBE00206A4B /* Frameworks */ = {
			isa = PBXFrameworksBuildPhase;
			buildActionMask = 2147483647;
			files = (
				3EC4FDDC2B4E9F7700206A4B /* Kingfisher in Frameworks */,
				3EC4FDD72B4E9F3100206A4B /* SnapKit in Frameworks */,
				3EC4FDD92B4E9F3100206A4B /* SnapKit-Dynamic in Frameworks */,
			);
			runOnlyForDeploymentPostprocessing = 0;
		};
/* End PBXFrameworksBuildPhase section */

/* Begin PBXGroup section */
		3EC4FDB32B4E9BBD00206A4B = {
			isa = PBXGroup;
			children = (
				3EC4FDBE2B4E9BBE00206A4B /* Brewery */,
				3EC4FDBD2B4E9BBE00206A4B /* Products */,
			);
			sourceTree = "<group>";
		};
		3EC4FDBD2B4E9BBE00206A4B /* Products */ = {
			isa = PBXGroup;
			children = (
				3EC4FDBC2B4E9BBE00206A4B /* Brewery.app */,
			);
			name = Products;
			sourceTree = "<group>";
		};
		3EC4FDBE2B4E9BBE00206A4B /* Brewery */ = {
			isa = PBXGroup;
			children = (
				3EC4FDBF2B4E9BBE00206A4B /* AppDelegate.swift */,
				3EC4FDC12B4E9BBE00206A4B /* SceneDelegate.swift */,
				3EC4FDC82B4E9BC000206A4B /* Assets.xcassets */,
				3EC4FDCA2B4E9BC000206A4B /* LaunchScreen.storyboard */,
				3EC4FDCD2B4E9BC000206A4B /* Info.plist */,
				3EC4FDDD2B4EA04200206A4B /* Beer.swift */,
				3EC4FDD32B4E9C9E00206A4B /* BeerListViewController.swift */,
				3EC4FDDF2B4EA59E00206A4B /* BeerListCell.swift */,
				3EC4FDE12B4F6E3000206A4B /* BeerDetailViewController.swift */,
			);
			path = Brewery;
			sourceTree = "<group>";
		};
/* End PBXGroup section */

/* Begin PBXNativeTarget section */
		3EC4FDBB2B4E9BBE00206A4B /* Brewery */ = {
			isa = PBXNativeTarget;
			buildConfigurationList = 3EC4FDD02B4E9BC000206A4B /* Build configuration list for PBXNativeTarget "Brewery" */;
			buildPhases = (
				3EC4FDB82B4E9BBE00206A4B /* Sources */,
				3EC4FDB92B4E9BBE00206A4B /* Frameworks */,
				3EC4FDBA2B4E9BBE00206A4B /* Resources */,
			);
			buildRules = (
			);
			dependencies = (
			);
			name = Brewery;
			packageProductDependencies = (
				3EC4FDD62B4E9F3100206A4B /* SnapKit */,
				3EC4FDD82B4E9F3100206A4B /* SnapKit-Dynamic */,
				3EC4FDDB2B4E9F7700206A4B /* Kingfisher */,
			);
			productName = Brewery;
			productReference = 3EC4FDBC2B4E9BBE00206A4B /* Brewery.app */;
			productType = "com.apple.product-type.application";
		};
/* End PBXNativeTarget section */

/* Begin PBXProject section */
		3EC4FDB42B4E9BBD00206A4B /* Project object */ = {
			isa = PBXProject;
			attributes = {
				BuildIndependentTargetsInParallel = 1;
				LastSwiftUpdateCheck = 1510;
				LastUpgradeCheck = 1510;
				TargetAttributes = {
					3EC4FDBB2B4E9BBE00206A4B = {
						CreatedOnToolsVersion = 15.1;
					};
				};
			};
			buildConfigurationList = 3EC4FDB72B4E9BBD00206A4B /* Build configuration list for PBXProject "Brewery" */;
			compatibilityVersion = "Xcode 14.0";
			developmentRegion = en;
			hasScannedForEncodings = 0;
			knownRegions = (
				en,
				Base,
			);
			mainGroup = 3EC4FDB32B4E9BBD00206A4B;
			packageReferences = (
				3EC4FDD52B4E9F3100206A4B /* XCRemoteSwiftPackageReference "SnapKit" */,
				3EC4FDDA2B4E9F7700206A4B /* XCRemoteSwiftPackageReference "Kingfisher" */,
			);
			productRefGroup = 3EC4FDBD2B4E9BBE00206A4B /* Products */;
			projectDirPath = "";
			projectRoot = "";
			targets = (
				3EC4FDBB2B4E9BBE00206A4B /* Brewery */,
			);
		};
/* End PBXProject section */

/* Begin PBXResourcesBuildPhase section */
		3EC4FDBA2B4E9BBE00206A4B /* Resources */ = {
			isa = PBXResourcesBuildPhase;
			buildActionMask = 2147483647;
			files = (
				3EC4FDCC2B4E9BC000206A4B /* LaunchScreen.storyboard in Resources */,
				3EC4FDC92B4E9BC000206A4B /* Assets.xcassets in Resources */,
			);
			runOnlyForDeploymentPostprocessing = 0;
		};
/* End PBXResourcesBuildPhase section */

/* Begin PBXSourcesBuildPhase section */
		3EC4FDB82B4E9BBE00206A4B /* Sources */ = {
			isa = PBXSourcesBuildPhase;
			buildActionMask = 2147483647;
			files = (
				3EC4FDD42B4E9C9E00206A4B /* BeerListViewController.swift in Sources */,
				3EC4FDE22B4F6E3000206A4B /* BeerDetailViewController.swift in Sources */,
				3EC4FDC02B4E9BBE00206A4B /* AppDelegate.swift in Sources */,
				3EC4FDC22B4E9BBE00206A4B /* SceneDelegate.swift in Sources */,
				3EC4FDDE2B4EA04200206A4B /* Beer.swift in Sources */,
				3EC4FDE02B4EA59E00206A4B /* BeerListCell.swift in Sources */,
			);
			runOnlyForDeploymentPostprocessing = 0;
		};
/* End PBXSourcesBuildPhase section */

/* Begin PBXVariantGroup section */
		3EC4FDCA2B4E9BC000206A4B /* LaunchScreen.storyboard */ = {
			isa = PBXVariantGroup;
			children = (
				3EC4FDCB2B4E9BC000206A4B /* Base */,
			);
			name = LaunchScreen.storyboard;
			sourceTree = "<group>";
		};
/* End PBXVariantGroup section */

/* Begin XCBuildConfiguration section */
		3EC4FDCE2B4E9BC000206A4B /* Debug */ = {
			isa = XCBuildConfiguration;
			buildSettings = {
				ALWAYS_SEARCH_USER_PATHS = NO;
				ASSETCATALOG_COMPILER_GENERATE_SWIFT_ASSET_SYMBOL_EXTENSIONS = YES;
				CLANG_ANALYZER_NONNULL = YES;
				CLANG_ANALYZER_NUMBER_OBJECT_CONVERSION = YES_AGGRESSIVE;
				CLANG_CXX_LANGUAGE_STANDARD = "gnu++20";
				CLANG_ENABLE_MODULES = YES;
				CLANG_ENABLE_OBJC_ARC = YES;
				CLANG_ENABLE_OBJC_WEAK = YES;
				CLANG_WARN_BLOCK_CAPTURE_AUTORELEASING = YES;
				CLANG_WARN_BOOL_CONVERSION = YES;
				CLANG_WARN_COMMA = YES;
				CLANG_WARN_CONSTANT_CONVERSION = YES;
				CLANG_WARN_DEPRECATED_OBJC_IMPLEMENTATIONS = YES;
				CLANG_WARN_DIRECT_OBJC_ISA_USAGE = YES_ERROR;
				CLANG_WARN_DOCUMENTATION_COMMENTS = YES;
				CLANG_WARN_EMPTY_BODY = YES;
				CLANG_WARN_ENUM_CONVERSION = YES;
				CLANG_WARN_INFINITE_RECURSION = YES;
				CLANG_WARN_INT_CONVERSION = YES;
				CLANG_WARN_NON_LITERAL_NULL_CONVERSION = YES;
				CLANG_WARN_OBJC_IMPLICIT_RETAIN_SELF = YES;
				CLANG_WARN_OBJC_LITERAL_CONVERSION = YES;
				CLANG_WARN_OBJC_ROOT_CLASS = YES_ERROR;
				CLANG_WARN_QUOTED_INCLUDE_IN_FRAMEWORK_HEADER = YES;
				CLANG_WARN_RANGE_LOOP_ANALYSIS = YES;
				CLANG_WARN_STRICT_PROTOTYPES = YES;
				CLANG_WARN_SUSPICIOUS_MOVE = YES;
				CLANG_WARN_UNGUARDED_AVAILABILITY = YES_AGGRESSIVE;
				CLANG_WARN_UNREACHABLE_CODE = YES;
				CLANG_WARN__DUPLICATE_METHOD_MATCH = YES;
				COPY_PHASE_STRIP = NO;
				DEBUG_INFORMATION_FORMAT = dwarf;
				ENABLE_STRICT_OBJC_MSGSEND = YES;
				ENABLE_TESTABILITY = YES;
				ENABLE_USER_SCRIPT_SANDBOXING = YES;
				GCC_C_LANGUAGE_STANDARD = gnu17;
				GCC_DYNAMIC_NO_PIC = NO;
				GCC_NO_COMMON_BLOCKS = YES;
				GCC_OPTIMIZATION_LEVEL = 0;
				GCC_PREPROCESSOR_DEFINITIONS = (
					"DEBUG=1",
					"$(inherited)",
				);
				GCC_WARN_64_TO_32_BIT_CONVERSION = YES;
				GCC_WARN_ABOUT_RETURN_TYPE = YES_ERROR;
				GCC_WARN_UNDECLARED_SELECTOR = YES;
				GCC_WARN_UNINITIALIZED_AUTOS = YES_AGGRESSIVE;
				GCC_WARN_UNUSED_FUNCTION = YES;
				GCC_WARN_UNUSED_VARIABLE = YES;
				IPHONEOS_DEPLOYMENT_TARGET = 17.2;
				LOCALIZATION_PREFERS_STRING_CATALOGS = YES;
				MTL_ENABLE_DEBUG_INFO = INCLUDE_SOURCE;
				MTL_FAST_MATH = YES;
				ONLY_ACTIVE_ARCH = YES;
				SDKROOT = iphoneos;
				SWIFT_ACTIVE_COMPILATION_CONDITIONS = "DEBUG $(inherited)";
				SWIFT_OPTIMIZATION_LEVEL = "-Onone";
			};
			name = Debug;
		};
		3EC4FDCF2B4E9BC000206A4B /* Release */ = {
			isa = XCBuildConfiguration;
			buildSettings = {
				ALWAYS_SEARCH_USER_PATHS = NO;
				ASSETCATALOG_COMPILER_GENERATE_SWIFT_ASSET_SYMBOL_EXTENSIONS = YES;
				CLANG_ANALYZER_NONNULL = YES;
				CLANG_ANALYZER_NUMBER_OBJECT_CONVERSION = YES_AGGRESSIVE;
				CLANG_CXX_LANGUAGE_STANDARD = "gnu++20";
				CLANG_ENABLE_MODULES = YES;
				CLANG_ENABLE_OBJC_ARC = YES;
				CLANG_ENABLE_OBJC_WEAK = YES;
				CLANG_WARN_BLOCK_CAPTURE_AUTORELEASING = YES;
				CLANG_WARN_BOOL_CONVERSION = YES;
				CLANG_WARN_COMMA = YES;
				CLANG_WARN_CONSTANT_CONVERSION = YES;
				CLANG_WARN_DEPRECATED_OBJC_IMPLEMENTATIONS = YES;
				CLANG_WARN_DIRECT_OBJC_ISA_USAGE = YES_ERROR;
				CLANG_WARN_DOCUMENTATION_COMMENTS = YES;
				CLANG_WARN_EMPTY_BODY = YES;
				CLANG_WARN_ENUM_CONVERSION = YES;
				CLANG_WARN_INFINITE_RECURSION = YES;
				CLANG_WARN_INT_CONVERSION = YES;
				CLANG_WARN_NON_LITERAL_NULL_CONVERSION = YES;
				CLANG_WARN_OBJC_IMPLICIT_RETAIN_SELF = YES;
				CLANG_WARN_OBJC_LITERAL_CONVERSION = YES;
				CLANG_WARN_OBJC_ROOT_CLASS = YES_ERROR;
				CLANG_WARN_QUOTED_INCLUDE_IN_FRAMEWORK_HEADER = YES;
				CLANG_WARN_RANGE_LOOP_ANALYSIS = YES;
				CLANG_WARN_STRICT_PROTOTYPES = YES;
				CLANG_WARN_SUSPICIOUS_MOVE = YES;
				CLANG_WARN_UNGUARDED_AVAILABILITY = YES_AGGRESSIVE;
				CLANG_WARN_UNREACHABLE_CODE = YES;
				CLANG_WARN__DUPLICATE_METHOD_MATCH = YES;
				COPY_PHASE_STRIP = NO;
				DEBUG_INFORMATION_FORMAT = "dwarf-with-dsym";
				ENABLE_NS_ASSERTIONS = NO;
				ENABLE_STRICT_OBJC_MSGSEND = YES;
				ENABLE_USER_SCRIPT_SANDBOXING = YES;
				GCC_C_LANGUAGE_STANDARD = gnu17;
				GCC_NO_COMMON_BLOCKS = YES;
				GCC_WARN_64_TO_32_BIT_CONVERSION = YES;
				GCC_WARN_ABOUT_RETURN_TYPE = YES_ERROR;
				GCC_WARN_UNDECLARED_SELECTOR = YES;
				GCC_WARN_UNINITIALIZED_AUTOS = YES_AGGRESSIVE;
				GCC_WARN_UNUSED_FUNCTION = YES;
				GCC_WARN_UNUSED_VARIABLE = YES;
				IPHONEOS_DEPLOYMENT_TARGET = 17.2;
				LOCALIZATION_PREFERS_STRING_CATALOGS = YES;
				MTL_ENABLE_DEBUG_INFO = NO;
				MTL_FAST_MATH = YES;
				SDKROOT = iphoneos;
				SWIFT_COMPILATION_MODE = wholemodule;
				VALIDATE_PRODUCT = YES;
			};
			name = Release;
		};
		3EC4FDD12B4E9BC000206A4B /* Debug */ = {
			isa = XCBuildConfiguration;
			buildSettings = {
				ASSETCATALOG_COMPILER_APPICON_NAME = AppIcon;
				ASSETCATALOG_COMPILER_GLOBAL_ACCENT_COLOR_NAME = AccentColor;
				CODE_SIGN_STYLE = Automatic;
				CURRENT_PROJECT_VERSION = 1;
				DEVELOPMENT_TEAM = WC2AB75W42;
				GENERATE_INFOPLIST_FILE = YES;
				INFOPLIST_FILE = Brewery/Info.plist;
				INFOPLIST_KEY_UIApplicationSupportsIndirectInputEvents = YES;
				INFOPLIST_KEY_UILaunchStoryboardName = LaunchScreen;
				INFOPLIST_KEY_UISupportedInterfaceOrientations_iPad = "UIInterfaceOrientationPortrait UIInterfaceOrientationPortraitUpsideDown UIInterfaceOrientationLandscapeLeft UIInterfaceOrientationLandscapeRight";
				INFOPLIST_KEY_UISupportedInterfaceOrientations_iPhone = "UIInterfaceOrientationPortrait UIInterfaceOrientationLandscapeLeft UIInterfaceOrientationLandscapeRight";
				LD_RUNPATH_SEARCH_PATHS = (
					"$(inherited)",
					"@executable_path/Frameworks",
				);
				MARKETING_VERSION = 1.0;
				PRODUCT_BUNDLE_IDENTIFIER = "jinyong-yun.Brewery";
				PRODUCT_NAME = "$(TARGET_NAME)";
				SWIFT_EMIT_LOC_STRINGS = YES;
				SWIFT_VERSION = 5.0;
				TARGETED_DEVICE_FAMILY = "1,2";
			};
			name = Debug;
		};
		3EC4FDD22B4E9BC000206A4B /* Release */ = {
			isa = XCBuildConfiguration;
			buildSettings = {
				ASSETCATALOG_COMPILER_APPICON_NAME = AppIcon;
				ASSETCATALOG_COMPILER_GLOBAL_ACCENT_COLOR_NAME = AccentColor;
				CODE_SIGN_STYLE = Automatic;
				CURRENT_PROJECT_VERSION = 1;
				DEVELOPMENT_TEAM = WC2AB75W42;
				GENERATE_INFOPLIST_FILE = YES;
				INFOPLIST_FILE = Brewery/Info.plist;
				INFOPLIST_KEY_UIApplicationSupportsIndirectInputEvents = YES;
				INFOPLIST_KEY_UILaunchStoryboardName = LaunchScreen;
				INFOPLIST_KEY_UISupportedInterfaceOrientations_iPad = "UIInterfaceOrientationPortrait UIInterfaceOrientationPortraitUpsideDown UIInterfaceOrientationLandscapeLeft UIInterfaceOrientationLandscapeRight";
				INFOPLIST_KEY_UISupportedInterfaceOrientations_iPhone = "UIInterfaceOrientationPortrait UIInterfaceOrientationLandscapeLeft UIInterfaceOrientationLandscapeRight";
				LD_RUNPATH_SEARCH_PATHS = (
					"$(inherited)",
					"@executable_path/Frameworks",
				);
				MARKETING_VERSION = 1.0;
				PRODUCT_BUNDLE_IDENTIFIER = "jinyong-yun.Brewery";
				PRODUCT_NAME = "$(TARGET_NAME)";
				SWIFT_EMIT_LOC_STRINGS = YES;
				SWIFT_VERSION = 5.0;
				TARGETED_DEVICE_FAMILY = "1,2";
			};
			name = Release;
		};
/* End XCBuildConfiguration section */

/* Begin XCConfigurationList section */
		3EC4FDB72B4E9BBD00206A4B /* Build configuration list for PBXProject "Brewery" */ = {
			isa = XCConfigurationList;
			buildConfigurations = (
				3EC4FDCE2B4E9BC000206A4B /* Debug */,
				3EC4FDCF2B4E9BC000206A4B /* Release */,
			);
			defaultConfigurationIsVisible = 0;
			defaultConfigurationName = Release;
		};
		3EC4FDD02B4E9BC000206A4B /* Build configuration list for PBXNativeTarget "Brewery" */ = {
			isa = XCConfigurationList;
			buildConfigurations = (
				3EC4FDD12B4E9BC000206A4B /* Debug */,
				3EC4FDD22B4E9BC000206A4B /* Release */,
			);
			defaultConfigurationIsVisible = 0;
			defaultConfigurationName = Release;
		};
/* End XCConfigurationList section */

/* Begin XCRemoteSwiftPackageReference section */
		3EC4FDD52B4E9F3100206A4B /* XCRemoteSwiftPackageReference "SnapKit" */ = {
			isa = XCRemoteSwiftPackageReference;
			repositoryURL = "https://github.com/SnapKit/SnapKit.git";
			requirement = {
				kind = upToNextMajorVersion;
				minimumVersion = 5.7.0;
			};
		};
		3EC4FDDA2B4E9F7700206A4B /* XCRemoteSwiftPackageReference "Kingfisher" */ = {
			isa = XCRemoteSwiftPackageReference;
			repositoryURL = "https://github.com/onevcat/Kingfisher.git";
			requirement = {
				kind = upToNextMajorVersion;
				minimumVersion = 7.10.1;
			};
		};
/* End XCRemoteSwiftPackageReference section */

/* Begin XCSwiftPackageProductDependency section */
		3EC4FDD62B4E9F3100206A4B /* SnapKit */ = {
			isa = XCSwiftPackageProductDependency;
			package = 3EC4FDD52B4E9F3100206A4B /* XCRemoteSwiftPackageReference "SnapKit" */;
			productName = SnapKit;
		};
		3EC4FDD82B4E9F3100206A4B /* SnapKit-Dynamic */ = {
			isa = XCSwiftPackageProductDependency;
			package = 3EC4FDD52B4E9F3100206A4B /* XCRemoteSwiftPackageReference "SnapKit" */;
			productName = "SnapKit-Dynamic";
		};
		3EC4FDDB2B4E9F7700206A4B /* Kingfisher */ = {
			isa = XCSwiftPackageProductDependency;
			package = 3EC4FDDA2B4E9F7700206A4B /* XCRemoteSwiftPackageReference "Kingfisher" */;
			productName = Kingfisher;
		};
/* End XCSwiftPackageProductDependency section */
	};
	rootObject = 3EC4FDB42B4E9BBD00206A4B /* Project object */;
}
